
Microsoft Visual Studio Solution File, Format Version 12.00
# Visual Studio 15
VisualStudioVersion = 15.0.28307.168
MinimumVisualStudioVersion = 10.0.40219.1
Project("{9A19103F-16F7-4668-BE54-9A1E7A4F7556}") = "timesheet.api", "timesheet.api\timesheet.api.csproj", "{39609E5F-0ED9-4A4A-87BD-EBA01C770A95}"
EndProject
Project("{9A19103F-16F7-4668-BE54-9A1E7A4F7556}") = "timesheet.model", "timesheet.model\timesheet.model.csproj", "{9929AD46-4EE5-4F1F-B0E9-0B7F738B8954}"
EndProject
Project("{FAE04EC0-301F-11D3-BF4B-00C04F79EFBC}") = "timesheet.data", "timesheet.data\timesheet.data.csproj", "{7F0D2284-D648-45ED-9A57-9087CEBA1925}"
EndProject
Project("{FAE04EC0-301F-11D3-BF4B-00C04F79EFBC}") = "timesheet.business", "timesheet.business\timesheet.business.csproj", "{9DC0811F-EAAD-4E57-BEFC-5BFCDE53B949}"
EndProject
Global
	GlobalSection(SolutionConfigurationPlatforms) = preSolution
		Debug|Any CPU = Debug|Any CPU
		Release|Any CPU = Release|Any CPU
	EndGlobalSection
	GlobalSection(ProjectConfigurationPlatforms) = postSolution
		{39609E5F-0ED9-4A4A-87BD-EBA01C770A95}.Debug|Any CPU.ActiveCfg = Debug|Any CPU
		{39609E5F-0ED9-4A4A-87BD-EBA01C770A95}.Debug|Any CPU.Build.0 = Debug|Any CPU
		{39609E5F-0ED9-4A4A-87BD-EBA01C770A95}.Release|Any CPU.ActiveCfg = Release|Any CPU
		{39609E5F-0ED9-4A4A-87BD-EBA01C770A95}.Release|Any CPU.Build.0 = Release|Any CPU
		{9929AD46-4EE5-4F1F-B0E9-0B7F738B8954}.Debug|Any CPU.ActiveCfg = Debug|Any CPU
		{9929AD46-4EE5-4F1F-B0E9-0B7F738B8954}.Debug|Any CPU.Build.0 = Debug|Any CPU
		{9929AD46-4EE5-4F1F-B0E9-0B7F738B8954}.Release|Any CPU.ActiveCfg = Release|Any CPU
		{9929AD46-4EE5-4F1F-B0E9-0B7F738B8954}.Release|Any CPU.Build.0 = Release|Any CPU
		{7F0D2284-D648-45ED-9A57-9087CEBA1925}.Debug|Any CPU.ActiveCfg = Debug|Any CPU
		{7F0D2284-D648-45ED-9A57-9087CEBA1925}.Debug|Any CPU.Build.0 = Debug|Any CPU
		{7F0D2284-D648-45ED-9A57-9087CEBA1925}.Release|Any CPU.ActiveCfg = Release|Any CPU
		{7F0D2284-D648-45ED-9A57-9087CEBA1925}.Release|Any CPU.Build.0 = Release|Any CPU
		{9DC0811F-EAAD-4E57-BEFC-5BFCDE53B949}.Debug|Any CPU.ActiveCfg = Debug|Any CPU
		{9DC0811F-EAAD-4E57-BEFC-5BFCDE53B949}.Debug|Any CPU.Build.0 = Debug|Any CPU
		{9DC0811F-EAAD-4E57-BEFC-5BFCDE53B949}.Release|Any CPU.ActiveCfg = Release|Any CPU
		{9DC0811F-EAAD-4E57-BEFC-5BFCDE53B949}.Release|Any CPU.Build.0 = Release|Any CPU
	EndGlobalSection
	GlobalSection(SolutionProperties) = preSolution
		HideSolutionNode = FALSE
	EndGlobalSection
	GlobalSection(ExtensibilityGlobals) = postSolution
		SolutionGuid = {ACBEA754-7D2A-4C63-940E-9C09F64D54A9}
	EndGlobalSection
EndGlobal
